
Microsoft Visual Studio Solution File, Format Version 12.00
# Visual Studio Version 17
VisualStudioVersion = 17.7.34024.191
MinimumVisualStudioVersion = 10.0.40219.1
Project("{888888A0-9F3D-457C-B088-3A5042F75D52}") = "Lab8HerbeiKI301", "Lab8HerbeiKI301\Lab8HerbeiKI301.pyproj", "{DB2DA685-7259-40EC-8C4E-A1E0E196BA36}"
EndProject
Global
	GlobalSection(SolutionConfigurationPlatforms) = preSolution
		Debug|Any CPU = Debug|Any CPU
		Release|Any CPU = Release|Any CPU
	EndGlobalSection
	GlobalSection(ProjectConfigurationPlatforms) = postSolution
		{DB2DA685-7259-40EC-8C4E-A1E0E196BA36}.Debug|Any CPU.ActiveCfg = Debug|Any CPU
		{DB2DA685-7259-40EC-8C4E-A1E0E196BA36}.Release|Any CPU.ActiveCfg = Release|Any CPU
	EndGlobalSection
	GlobalSection(SolutionProperties) = preSolution
		HideSolutionNode = FALSE
	EndGlobalSection
	GlobalSection(ExtensibilityGlobals) = postSolution
		SolutionGuid = {4C137B2B-5936-42AC-962B-741CCA04B37E}
	EndGlobalSection
EndGlobal
